// !$*UTF8*$!
{
	archiveVersion = 1;
	classes = {
	};
	objectVersion = 46;
	objects = {

/* Begin PBXBuildFile section */
		8F2000531C154D3000DB5602 /* AppDelegate.swift in Sources */ = {isa = PBXBuildFile; fileRef = 8F2000521C154D3000DB5602 /* AppDelegate.swift */; };
		8F2000551C154D3000DB5602 /* ViewController.swift in Sources */ = {isa = PBXBuildFile; fileRef = 8F2000541C154D3000DB5602 /* ViewController.swift */; };
		8F2000581C154D3000DB5602 /* Main.storyboard in Resources */ = {isa = PBXBuildFile; fileRef = 8F2000561C154D3000DB5602 /* Main.storyboard */; };
		8F20005A1C154D3000DB5602 /* Assets.xcassets in Resources */ = {isa = PBXBuildFile; fileRef = 8F2000591C154D3000DB5602 /* Assets.xcassets */; };
		8F20005D1C154D3000DB5602 /* LaunchScreen.storyboard in Resources */ = {isa = PBXBuildFile; fileRef = 8F20005B1C154D3000DB5602 /* LaunchScreen.storyboard */; };
		8FD84E9C1C19FF9E00559EC7 /* AboutVC.swift in Sources */ = {isa = PBXBuildFile; fileRef = 8FD84E9B1C19FF9E00559EC7 /* AboutVC.swift */; };
/* End PBXBuildFile section */

/* Begin PBXFileReference section */
		8F20004F1C154D3000DB5602 /* BullsEye.app */ = {isa = PBXFileReference; explicitFileType = wrapper.application; includeInIndex = 0; path = BullsEye.app; sourceTree = BUILT_PRODUCTS_DIR; };
		8F2000521C154D3000DB5602 /* AppDelegate.swift */ = {isa = PBXFileReference; lastKnownFileType = sourcecode.swift; path = AppDelegate.swift; sourceTree = "<group>"; };
		8F2000541C154D3000DB5602 /* ViewController.swift */ = {isa = PBXFileReference; lastKnownFileType = sourcecode.swift; path = ViewController.swift; sourceTree = "<group>"; };
		8F2000571C154D3000DB5602 /* Base */ = {isa = PBXFileReference; lastKnownFileType = file.storyboard; name = Base; path = Base.lproj/Main.storyboard; sourceTree = "<group>"; };
		8F2000591C154D3000DB5602 /* Assets.xcassets */ = {isa = PBXFileReference; lastKnownFileType = folder.assetcatalog; path = Assets.xcassets; sourceTree = "<group>"; };
		8F20005C1C154D3000DB5602 /* Base */ = {isa = PBXFileReference; lastKnownFileType = file.storyboard; name = Base; path = Base.lproj/LaunchScreen.storyboard; sourceTree = "<group>"; };
		8F20005E1C154D3000DB5602 /* Info.plist */ = {isa = PBXFileReference; lastKnownFileType = text.plist.xml; path = Info.plist; sourceTree = "<group>"; };
		8FD84E9B1C19FF9E00559EC7 /* AboutVC.swift */ = {isa = PBXFileReference; fileEncoding = 4; lastKnownFileType = sourcecode.swift; path = AboutVC.swift; sourceTree = "<group>"; };
/* End PBXFileReference section */

/* Begin PBXFrameworksBuildPhase section */
		8F20004C1C154D3000DB5602 /* Frameworks */ = {
			isa = PBXFrameworksBuildPhase;
			buildActionMask = 2147483647;
			files = (
			);
			runOnlyForDeploymentPostprocessing = 0;
		};
/* End PBXFrameworksBuildPhase section */

/* Begin PBXGroup section */
		8F2000461C154D3000DB5602 = {
			isa = PBXGroup;
			children = (
				8F2000511C154D3000DB5602 /* BullsEye */,
				8F2000501C154D3000DB5602 /* Products */,
			);
			sourceTree = "<group>";
		};
		8F2000501C154D3000DB5602 /* Products */ = {
			isa = PBXGroup;
			children = (
				8F20004F1C154D3000DB5602 /* BullsEye.app */,
			);
			name = Products;
			sourceTree = "<group>";
		};
		8F2000511C154D3000DB5602 /* BullsEye */ = {
			isa = PBXGroup;
			children = (
				8F2000521C154D3000DB5602 /* AppDelegate.swift */,
				8F2000541C154D3000DB5602 /* ViewController.swift */,
				8F2000561C154D3000DB5602 /* Main.storyboard */,
				8F2000591C154D3000DB5602 /* Assets.xcassets */,
				8F20005B1C154D3000DB5602 /* LaunchScreen.storyboard */,
				8F20005E1C154D3000DB5602 /* Info.plist */,
				8FD84E9B1C19FF9E00559EC7 /* AboutVC.swift */,
			);
			path = BullsEye;
			sourceTree = "<group>";
		};
/* End PBXGroup section */

/* Begin PBXNativeTarget section */
		8F20004E1C154D3000DB5602 /* BullsEye */ = {
			isa = PBXNativeTarget;
			buildConfigurationList = 8F2000611C154D3000DB5602 /* Build configuration list for PBXNativeTarget "BullsEye" */;
			buildPhases = (
				8F20004B1C154D3000DB5602 /* Sources */,
				8F20004C1C154D3000DB5602 /* Frameworks */,
				8F20004D1C154D3000DB5602 /* Resources */,
			);
			buildRules = (
			);
			dependencies = (
			);
			name = BullsEye;
			productName = BullsEye;
			productReference = 8F20004F1C154D3000DB5602 /* BullsEye.app */;
			productType = "com.apple.product-type.application";
		};
/* End PBXNativeTarget section */

/* Begin PBXProject section */
		8F2000471C154D3000DB5602 /* Project object */ = {
			isa = PBXProject;
			attributes = {
				LastSwiftUpdateCheck = 0710;
				LastUpgradeCheck = 0710;
				ORGANIZATIONNAME = "Mike Pitre";
				TargetAttributes = {
					8F20004E1C154D3000DB5602 = {
						CreatedOnToolsVersion = 7.1.1;
						DevelopmentTeam = RFXBTPH739;
					};
				};
			};
			buildConfigurationList = 8F20004A1C154D3000DB5602 /* Build configuration list for PBXProject "BullsEye" */;
			compatibilityVersion = "Xcode 3.2";
			developmentRegion = English;
			hasScannedForEncodings = 0;
			knownRegions = (
				en,
				Base,
			);
			mainGroup = 8F2000461C154D3000DB5602;
			productRefGroup = 8F2000501C154D3000DB5602 /* Products */;
			projectDirPath = "";
			projectRoot = "";
			targets = (
				8F20004E1C154D3000DB5602 /* BullsEye */,
			);
		};
/* End PBXProject section */

/* Begin PBXResourcesBuildPhase section */
		8F20004D1C154D3000DB5602 /* Resources */ = {
			isa = PBXResourcesBuildPhase;
			buildActionMask = 2147483647;
			files = (
				8F20005D1C154D3000DB5602 /* LaunchScreen.storyboard in Resources */,
				8F20005A1C154D3000DB5602 /* Assets.xcassets in Resources */,
				8F2000581C154D3000DB5602 /* Main.storyboard in Resources */,
			);
			runOnlyForDeploymentPostprocessing = 0;
		};
/* End PBXResourcesBuildPhase section */

/* Begin PBXSourcesBuildPhase section */
		8F20004B1C154D3000DB5602 /* Sources */ = {
			isa = PBXSourcesBuildPhase;
			buildActionMask = 2147483647;
			files = (
				8F2000551C154D3000DB5602 /* ViewController.swift in Sources */,
				8F2000531C154D3000DB5602 /* AppDelegate.swift in Sources */,
				8FD84E9C1C19FF9E00559EC7 /* AboutVC.swift in Sources */,
			);
			runOnlyForDeploymentPostprocessing = 0;
		};
/* End PBXSourcesBuildPhase section */

/* Begin PBXVariantGroup section */
		8F2000561C154D3000DB5602 /* Main.storyboard */ = {
			isa = PBXVariantGroup;
			children = (
				8F2000571C154D3000DB5602 /* Base */,
			);
			name = Main.storyboard;
			sourceTree = "<group>";
		};
		8F20005B1C154D3000DB5602 /* LaunchScreen.storyboard */ = {
			isa = PBXVariantGroup;
			children = (
				8F20005C1C154D3000DB5602 /* Base */,
			);
			name = LaunchScreen.storyboard;
			sourceTree = "<group>";
		};
/* End PBXVariantGroup section */

/* Begin XCBuildConfiguration section */
		8F20005F1C154D3000DB5602 /* Debug */ = {
			isa = XCBuildConfiguration;
			buildSettings = {
				ALWAYS_SEARCH_USER_PATHS = NO;
				CLANG_CXX_LANGUAGE_STANDARD = "gnu++0x";
				CLANG_CXX_LIBRARY = "libc++";
				CLANG_ENABLE_MODULES = YES;
				CLANG_ENABLE_OBJC_ARC = YES;
				CLANG_WARN_BOOL_CONVERSION = YES;
				CLANG_WARN_CONSTANT_CONVERSION = YES;
				CLANG_WARN_DIRECT_OBJC_ISA_USAGE = YES_ERROR;
				CLANG_WARN_EMPTY_BODY = YES;
				CLANG_WARN_ENUM_CONVERSION = YES;
				CLANG_WARN_INT_CONVERSION = YES;
				CLANG_WARN_OBJC_ROOT_CLASS = YES_ERROR;
				CLANG_WARN_UNREACHABLE_CODE = YES;
				CLANG_WARN__DUPLICATE_METHOD_MATCH = YES;
				"CODE_SIGN_IDENTITY[sdk=iphoneos*]" = "iPhone Developer";
				COPY_PHASE_STRIP = NO;
				DEBUG_INFORMATION_FORMAT = dwarf;
				ENABLE_STRICT_OBJC_MSGSEND = YES;
				ENABLE_TESTABILITY = YES;
				GCC_C_LANGUAGE_STANDARD = gnu99;
				GCC_DYNAMIC_NO_PIC = NO;
				GCC_NO_COMMON_BLOCKS = YES;
				GCC_OPTIMIZATION_LEVEL = 0;
				GCC_PREPROCESSOR_DEFINITIONS = (
					"DEBUG=1",
					"$(inherited)",
				);
				GCC_WARN_64_TO_32_BIT_CONVERSION = YES;
				GCC_WARN_ABOUT_RETURN_TYPE = YES_ERROR;
				GCC_WARN_UNDECLARED_SELECTOR = YES;
				GCC_WARN_UNINITIALIZED_AUTOS = YES_AGGRESSIVE;
				GCC_WARN_UNUSED_FUNCTION = YES;
				GCC_WARN_UNUSED_VARIABLE = YES;
				IPHONEOS_DEPLOYMENT_TARGET = 9.1;
				MTL_ENABLE_DEBUG_INFO = YES;
				ONLY_ACTIVE_ARCH = YES;
				SDKROOT = iphoneos;
				SWIFT_OPTIMIZATION_LEVEL = "-Onone";
			};
			name = Debug;
		};
		8F2000601C154D3000DB5602 /* Release */ = {
			isa = XCBuildConfiguration;
			buildSettings = {
				ALWAYS_SEARCH_USER_PATHS = NO;
				CLANG_CXX_LANGUAGE_STANDARD = "gnu++0x";
				CLANG_CXX_LIBRARY = "libc++";
				CLANG_ENABLE_MODULES = YES;
				CLANG_ENABLE_OBJC_ARC = YES;
				CLANG_WARN_BOOL_CONVERSION = YES;
				CLANG_WARN_CONSTANT_CONVERSION = YES;
				CLANG_WARN_DIRECT_OBJC_ISA_USAGE = YES_ERROR;
				CLANG_WARN_EMPTY_BODY = YES;
				CLANG_WARN_ENUM_CONVERSION = YES;
				CLANG_WARN_INT_CONVERSION = YES;
				CLANG_WARN_OBJC_ROOT_CLASS = YES_ERROR;
				CLANG_WARN_UNREACHABLE_CODE = YES;
				CLANG_WARN__DUPLICATE_METHOD_MATCH = YES;
				"CODE_SIGN_IDENTITY[sdk=iphoneos*]" = "iPhone Developer";
				COPY_PHASE_STRIP = NO;
				DEBUG_INFORMATION_FORMAT = "dwarf-with-dsym";
				ENABLE_NS_ASSERTIONS = NO;
				ENABLE_STRICT_OBJC_MSGSEND = YES;
				GCC_C_LANGUAGE_STANDARD = gnu99;
				GCC_NO_COMMON_BLOCKS = YES;
				GCC_WARN_64_TO_32_BIT_CONVERSION = YES;
				GCC_WARN_ABOUT_RETURN_TYPE = YES_ERROR;
				GCC_WARN_UNDECLARED_SELECTOR = YES;
				GCC_WARN_UNINITIALIZED_AUTOS = YES_AGGRESSIVE;
				GCC_WARN_UNUSED_FUNCTION = YES;
				GCC_WARN_UNUSED_VARIABLE = YES;
				IPHONEOS_DEPLOYMENT_TARGET = 9.1;
				MTL_ENABLE_DEBUG_INFO = NO;
				SDKROOT = iphoneos;
				VALIDATE_PRODUCT = YES;
			};
			name = Release;
		};
		8F2000621C154D3000DB5602 /* Debug */ = {
			isa = XCBuildConfiguration;
			buildSettings = {
				ASSETCATALOG_COMPILER_APPICON_NAME = AppIcon;
				INFOPLIST_FILE = BullsEye/Info.plist;
				LD_RUNPATH_SEARCH_PATHS = "$(inherited) @executable_path/Frameworks";
				PRODUCT_BUNDLE_IDENTIFIER = me.mikepitre.BullsEye;
				PRODUCT_NAME = "$(TARGET_NAME)";
			};
			name = Debug;
		};
		8F2000631C154D3000DB5602 /* Release */ = {
			isa = XCBuildConfiguration;
			buildSettings = {
				ASSETCATALOG_COMPILER_APPICON_NAME = AppIcon;
				INFOPLIST_FILE = BullsEye/Info.plist;
				LD_RUNPATH_SEARCH_PATHS = "$(inherited) @executable_path/Frameworks";
				PRODUCT_BUNDLE_IDENTIFIER = me.mikepitre.BullsEye;
				PRODUCT_NAME = "$(TARGET_NAME)";
			};
			name = Release;
		};
/* End XCBuildConfiguration section */

/* Begin XCConfigurationList section */
		8F20004A1C154D3000DB5602 /* Build configuration list for PBXProject "BullsEye" */ = {
			isa = XCConfigurationList;
			buildConfigurations = (
				8F20005F1C154D3000DB5602 /* Debug */,
				8F2000601C154D3000DB5602 /* Release */,
			);
			defaultConfigurationIsVisible = 0;
			defaultConfigurationName = Release;
		};
		8F2000611C154D3000DB5602 /* Build configuration list for PBXNativeTarget "BullsEye" */ = {
			isa = XCConfigurationList;
			buildConfigurations = (
				8F2000621C154D3000DB5602 /* Debug */,
				8F2000631C154D3000DB5602 /* Release */,
			);
			defaultConfigurationIsVisible = 0;
			defaultConfigurationName = Release;
		};
/* End XCConfigurationList section */
	};
	rootObject = 8F2000471C154D3000DB5602 /* Project object */;
}
